
Microsoft Visual Studio Solution File, Format Version 12.00
# Visual Studio Version 16
VisualStudioVersion = 16.0.31229.75
MinimumVisualStudioVersion = 10.0.40219.1
Project("{FAE04EC0-301F-11D3-BF4B-00C04F79EFBC}") = "FizzBuzz", "FizzBuzz\FizzBuzz.csproj", "{CD21F493-1F97-4132-98C0-F556E0E5E668}"
EndProject
Project("{FAE04EC0-301F-11D3-BF4B-00C04F79EFBC}") = "FizzBuzzTest", "FizzBuzzTest\FizzBuzzTest.csproj", "{4969FB4F-6AED-4F9F-AA97-E57549286E24}"
EndProject
Global
	GlobalSection(SolutionConfigurationPlatforms) = preSolution
		Debug|Any CPU = Debug|Any CPU
		Release|Any CPU = Release|Any CPU
	EndGlobalSection
	GlobalSection(ProjectConfigurationPlatforms) = postSolution
		{CD21F493-1F97-4132-98C0-F556E0E5E668}.Debug|Any CPU.ActiveCfg = Debug|Any CPU
		{CD21F493-1F97-4132-98C0-F556E0E5E668}.Debug|Any CPU.Build.0 = Debug|Any CPU
		{CD21F493-1F97-4132-98C0-F556E0E5E668}.Release|Any CPU.ActiveCfg = Release|Any CPU
		{CD21F493-1F97-4132-98C0-F556E0E5E668}.Release|Any CPU.Build.0 = Release|Any CPU
		{4969FB4F-6AED-4F9F-AA97-E57549286E24}.Debug|Any CPU.ActiveCfg = Debug|Any CPU
		{4969FB4F-6AED-4F9F-AA97-E57549286E24}.Debug|Any CPU.Build.0 = Debug|Any CPU
		{4969FB4F-6AED-4F9F-AA97-E57549286E24}.Release|Any CPU.ActiveCfg = Release|Any CPU
		{4969FB4F-6AED-4F9F-AA97-E57549286E24}.Release|Any CPU.Build.0 = Release|Any CPU
	EndGlobalSection
	GlobalSection(SolutionProperties) = preSolution
		HideSolutionNode = FALSE
	EndGlobalSection
	GlobalSection(ExtensibilityGlobals) = postSolution
		SolutionGuid = {B69D6623-694D-47F7-8659-F0DA502DA0F6}
	EndGlobalSection
EndGlobal
